{
  "name": "workspace",
  "lockfileVersion": 3,
  "requires": true,
  "packages": {
    "": {
      "dependencies": {
        "uploadthing": "^6.6.0"
      }
    },
    "node_modules/@uploadthing/mime-types": {
      "version": "0.2.6",
      "resolved": "https://registry.npmjs.org/@uploadthing/mime-types/-/mime-types-0.2.6.tgz",
      "integrity": "sha512-mB7XAKy5ARltUWZxb2oE0OwUW5Wplxi7Z3cqCvf/ZFvQ1E6lcGVNNKbmJI8c4GaONyEYnalo0Yl228zzHzyZnQ=="
    },
    "node_modules/@uploadthing/shared": {
      "version": "6.3.4",
      "resolved": "https://registry.npmjs.org/@uploadthing/shared/-/shared-6.3.4.tgz",
      "integrity": "sha512-qMf7BiwQth14Gxt2Zerkrbpy/gIHUIkxBz7aN+OEh1T+z2gv8qLRhMXoWFaU56Q+3/NegdR6J+9jwPWc9WwMug==",
      "dependencies": {
        "std-env": "^3.7.0"
      },
      "peerDependencies": {
        "@uploadthing/mime-types": "0.2.6"
      },
      "peerDependenciesMeta": {
        "@uploadthing/mime-types": {
          "optional": true
        }
      }
    },
    "node_modules/consola": {
      "version": "3.2.3",
      "resolved": "https://registry.npmjs.org/consola/-/consola-3.2.3.tgz",
      "integrity": "sha512-I5qxpzLv+sJhTVEoLYNcTW+bThDCPsit0vLNKShZx6rLtpilNpmmeTPaeqJb9ZE9dV3DGaeby6Vuhrw38WjeyQ==",
      "engines": {
        "node": "^14.18.0 || >=16.10.0"
      }
    },
    "node_modules/std-env": {
      "version": "3.7.0",
      "resolved": "https://registry.npmjs.org/std-env/-/std-env-3.7.0.tgz",
      "integrity": "sha512-JPbdCEQLj1w5GilpiHAx3qJvFndqybBysA3qUOnznweH4QbNYUsW/ea8QzSrnh0vNsezMMw5bcVool8lM0gwzg=="
    },
    "node_modules/uploadthing": {
      "version": "6.6.0",
      "resolved": "https://registry.npmjs.org/uploadthing/-/uploadthing-6.6.0.tgz",
      "integrity": "sha512-PccLhKjxK1dBKcY9a5vUG+P+bu35cyB7dtDEm7xUVq/C+nc6hC/rh+vC+9jhoJhga+h+O7Rd7M8ZyBaf6W72sA==",
      "dependencies": {
        "@uploadthing/mime-types": "0.2.6",
        "@uploadthing/shared": "6.3.4",
        "consola": "^3.2.3",
        "std-env": "^3.7.0"
      },
      "engines": {
        "node": ">=18.13.0"
      },
      "peerDependencies": {
        "express": "*",
        "fastify": "*",
        "h3": "*",
        "next": "*",
        "tailwindcss": "*"
      },
      "peerDependenciesMeta": {
        "express": {
          "optional": true
        },
        "fastify": {
          "optional": true
        },
        "h3": {
          "optional": true
        },
        "next": {
          "optional": true
        },
        "tailwindcss": {
          "optional": true
        }
      }
    }
  }
}
